
Microsoft Visual Studio Solution File, Format Version 12.00
# Visual Studio Version 17
VisualStudioVersion = 17.4.33205.214
MinimumVisualStudioVersion = 10.0.40219.1
Project("{FAE04EC0-301F-11D3-BF4B-00C04F79EFBC}") = "Test.WebAPI", "Test.WebAPI\Test.WebAPI.csproj", "{46204480-E2B5-449A-B3D1-63322797C649}"
EndProject
Global
	GlobalSection(SolutionConfigurationPlatforms) = preSolution
		Debug|Any CPU = Debug|Any CPU
		Release|Any CPU = Release|Any CPU
	EndGlobalSection
	GlobalSection(ProjectConfigurationPlatforms) = postSolution
		{46204480-E2B5-449A-B3D1-63322797C649}.Debug|Any CPU.ActiveCfg = Debug|Any CPU
		{46204480-E2B5-449A-B3D1-63322797C649}.Debug|Any CPU.Build.0 = Debug|Any CPU
		{46204480-E2B5-449A-B3D1-63322797C649}.Release|Any CPU.ActiveCfg = Release|Any CPU
		{46204480-E2B5-449A-B3D1-63322797C649}.Release|Any CPU.Build.0 = Release|Any CPU
	EndGlobalSection
	GlobalSection(SolutionProperties) = preSolution
		HideSolutionNode = FALSE
	EndGlobalSection
	GlobalSection(ExtensibilityGlobals) = postSolution
		SolutionGuid = {56B3FEA4-CAB6-41D3-87EF-0979BB983BC4}
	EndGlobalSection
EndGlobal
